
Microsoft Visual Studio Solution File, Format Version 12.00
# Visual Studio 15
VisualStudioVersion = 15.0.27130.2026
MinimumVisualStudioVersion = 10.0.40219.1
Project("{9A19103F-16F7-4668-BE54-9A1E7A4F7556}") = "InterviewQuestions", "InterviewQuestions\InterviewQuestions.csproj", "{C8B3E26B-BDA3-4545-849B-058F32769802}"
EndProject
Global
	GlobalSection(SolutionConfigurationPlatforms) = preSolution
		Debug|Any CPU = Debug|Any CPU
		Release|Any CPU = Release|Any CPU
	EndGlobalSection
	GlobalSection(ProjectConfigurationPlatforms) = postSolution
		{C8B3E26B-BDA3-4545-849B-058F32769802}.Debug|Any CPU.ActiveCfg = Debug|Any CPU
		{C8B3E26B-BDA3-4545-849B-058F32769802}.Debug|Any CPU.Build.0 = Debug|Any CPU
		{C8B3E26B-BDA3-4545-849B-058F32769802}.Release|Any CPU.ActiveCfg = Release|Any CPU
		{C8B3E26B-BDA3-4545-849B-058F32769802}.Release|Any CPU.Build.0 = Release|Any CPU
	EndGlobalSection
	GlobalSection(SolutionProperties) = preSolution
		HideSolutionNode = FALSE
	EndGlobalSection
	GlobalSection(ExtensibilityGlobals) = postSolution
		SolutionGuid = {BCB5A240-0A84-4319-AD6D-B83972B4ADA4}
	EndGlobalSection
EndGlobal
